# THIS IS AN AUTOGENERATED FILE. DO NOT EDIT THIS FILE DIRECTLY.
# yarn lockfile v1


"aggregate-error@^3.0.0":
  "integrity" "sha512-4I7Td01quW/RpocfNayFdFVk1qSuoh0E7JrbRJ16nH01HhKFQ88INq9Sd+nd72zqRySlr9BmDA8xlEJ6vJMrYA=="
  "resolved" "https://remine.jfrog.io/remine/api/npm/npm/aggregate-error/-/aggregate-error-3.1.0.tgz"
  "version" "3.1.0"
  dependencies:
    "clean-stack" "^2.0.0"
    "indent-string" "^4.0.0"

"ansi-escapes@^4.3.0":
  "integrity" "sha512-gKXj5ALrKWQLsYG9jlTRmR/xKluxHV+Z9QEwNIgCfM1/uwPMCuzVVnh5mwTd+OuBZcwSIMbqssNWRm1lE51QaQ=="
  "resolved" "https://remine.jfrog.io/remine/api/npm/npm/ansi-escapes/-/ansi-escapes-4.3.2.tgz"
  "version" "4.3.2"
  dependencies:
    "type-fest" "^0.21.3"

"ansi-regex@^5.0.1":
  "integrity" "sha512-quJQXlTSUGL2LH9SUXo8VwsY4soanhgo6LNSm84E1LBcE8s3O0wpdiRzyR9z/ZZJMlMWv37qOOb9pdJlMUEKFQ=="
  "resolved" "https://remine.jfrog.io/remine/api/npm/npm/ansi-regex/-/ansi-regex-5.0.1.tgz"
  "version" "5.0.1"

"ansi-regex@^6.0.1":
  "integrity" "sha512-n5M855fKb2SsfMIiFFoVrABHJC8QtHwVx+mHWP3QcEqBHYienj5dHSgjbxtC0WEZXYt4wcD6zrQElDPhFuZgfA=="
  "resolved" "https://remine.jfrog.io/remine/api/npm/npm/ansi-regex/-/ansi-regex-6.0.1.tgz"
  "version" "6.0.1"

"ansi-styles@^4.0.0":
  "integrity" "sha512-zbB9rCJAT1rbjiVDb2hqKFHNYLxgtk8NURxZ3IZwD3F6NtxbXZQCnnSi1Lkx+IDohdPlFp222wVALIheZJQSEg=="
  "resolved" "https://remine.jfrog.io/remine/api/npm/npm/ansi-styles/-/ansi-styles-4.3.0.tgz"
  "version" "4.3.0"
  dependencies:
    "color-convert" "^2.0.1"

"ansi-styles@^6.0.0":
  "integrity" "sha512-VbqNsoz55SYGczauuup0MFUyXNQviSpFTj1RQtFzmQLk18qbVSpTFFGMT293rmDaQuKCT6InmbuEyUne4mTuxQ=="
  "resolved" "https://remine.jfrog.io/remine/api/npm/npm/ansi-styles/-/ansi-styles-6.1.0.tgz"
  "version" "6.1.0"

"astral-regex@^2.0.0":
  "integrity" "sha512-Z7tMw1ytTXt5jqMcOP+OQteU1VuNK9Y02uuJtKQ1Sv69jXQKKg5cibLwGJow8yzZP+eAc18EmLGPal0bp36rvQ=="
  "resolved" "https://remine.jfrog.io/remine/api/npm/npm/astral-regex/-/astral-regex-2.0.0.tgz"
  "version" "2.0.0"

"braces@^3.0.2":
  "integrity" "sha512-b8um+L1RzM3WDSzvhm6gIz1yfTbBt6YTlcEKAvsmqCZZFw46z626lVj9j1yEPW33H5H+lBQpZMP1k8l+78Ha0A=="
  "resolved" "https://remine.jfrog.io/remine/api/npm/npm/braces/-/braces-3.0.2.tgz"
  "version" "3.0.2"
  dependencies:
    "fill-range" "^7.0.1"

"clean-stack@^2.0.0":
  "integrity" "sha512-4diC9HaTE+KRAMWhDhrGOECgWZxoevMc5TlkObMqNSsVU62PYzXZ/SMTjzyGAFF1YusgxGcSWTEXBhp0CPwQ1A=="
  "resolved" "https://remine.jfrog.io/remine/api/npm/npm/clean-stack/-/clean-stack-2.2.0.tgz"
  "version" "2.2.0"

"cli-cursor@^3.1.0":
  "integrity" "sha512-I/zHAwsKf9FqGoXM4WWRACob9+SNukZTd94DWF57E4toouRulbCxcUh6RKUEOQlYTHJnzkPMySvPNaaSLNfLZw=="
  "resolved" "https://remine.jfrog.io/remine/api/npm/npm/cli-cursor/-/cli-cursor-3.1.0.tgz"
  "version" "3.1.0"
  dependencies:
    "restore-cursor" "^3.1.0"

"cli-truncate@^2.1.0":
  "integrity" "sha512-n8fOixwDD6b/ObinzTrp1ZKFzbgvKZvuz/TvejnLn1aQfC6r52XEx85FmuC+3HI+JM7coBRXUvNqEU2PHVrHpg=="
  "resolved" "https://remine.jfrog.io/remine/api/npm/npm/cli-truncate/-/cli-truncate-2.1.0.tgz"
  "version" "2.1.0"
  dependencies:
    "slice-ansi" "^3.0.0"
    "string-width" "^4.2.0"

"cli-truncate@^3.1.0":
  "integrity" "sha512-wfOBkjXteqSnI59oPcJkcPl/ZmwvMMOj340qUIY1SKZCv0B9Cf4D4fAucRkIKQmsIuYK3x1rrgU7MeGRruiuiA=="
  "resolved" "https://remine.jfrog.io/remine/api/npm/npm/cli-truncate/-/cli-truncate-3.1.0.tgz"
  "version" "3.1.0"
  dependencies:
    "slice-ansi" "^5.0.0"
    "string-width" "^5.0.0"

"color-convert@^2.0.1":
  "integrity" "sha512-RRECPsj7iu/xb5oKYcsFHSppFNnsj/52OVTRKb4zP5onXwVF3zVmmToNcOfGC+CRDpfK/U584fMg38ZHCaElKQ=="
  "resolved" "https://remine.jfrog.io/remine/api/npm/npm/color-convert/-/color-convert-2.0.1.tgz"
  "version" "2.0.1"
  dependencies:
    "color-name" "~1.1.4"

"color-name@~1.1.4":
  "integrity" "sha512-dOy+3AuW3a2wNbZHIuMZpTcgjGuLU/uBL/ubcZF9OXbDo8ff4O8yVp5Bf0efS8uEoYo5q4Fx7dY9OgQGXgAsQA=="
  "resolved" "https://remine.jfrog.io/remine/api/npm/npm/color-name/-/color-name-1.1.4.tgz"
  "version" "1.1.4"

"colorette@^2.0.16":
  "integrity" "sha512-hUewv7oMjCp+wkBv5Rm0v87eJhq4woh5rSR+42YSQJKecCqgIqNkZ6lAlQms/BwHPJA5NKMRlpxPRv0n8HQW6g=="
  "resolved" "https://remine.jfrog.io/remine/api/npm/npm/colorette/-/colorette-2.0.16.tgz"
  "version" "2.0.16"

"commander@^8.3.0":
  "integrity" "sha512-OkTL9umf+He2DZkUq8f8J9of7yL6RJKI24dVITBmNfZBmri9zYZQrKkuXiKhyfPSu8tUhnVBB1iKXevvnlR4Ww=="
  "resolved" "https://remine.jfrog.io/remine/api/npm/npm/commander/-/commander-8.3.0.tgz"
  "version" "8.3.0"

"cross-spawn@^7.0.3":
  "integrity" "sha512-iRDPJKUPVEND7dHPO8rkbOnPpyDygcDFtWjpeWNCgy8WP2rXcxXL8TskReQl6OrB2G7+UJrags1q15Fudc7G6w=="
  "resolved" "https://remine.jfrog.io/remine/api/npm/npm/cross-spawn/-/cross-spawn-7.0.3.tgz"
  "version" "7.0.3"
  dependencies:
    "path-key" "^3.1.0"
    "shebang-command" "^2.0.0"
    "which" "^2.0.1"

"debug@^4.3.3":
  "integrity" "sha512-PRWFHuSU3eDtQJPvnNY7Jcket1j0t5OuOsFzPPzsekD52Zl8qUfFIPEiswXqIvHWGVHOgX+7G/vCNNhehwxfkQ=="
  "resolved" "https://remine.jfrog.io/remine/api/npm/npm/debug/-/debug-4.3.4.tgz"
  "version" "4.3.4"
  dependencies:
    "ms" "2.1.2"

"eastasianwidth@^0.2.0":
  "integrity" "sha512-I88TYZWc9XiYHRQ4/3c5rjjfgkjhLyW2luGIheGERbNQ6OY7yTybanSpDXZa8y7VUP9YmDcYa+eyq4ca7iLqWA=="
  "resolved" "https://remine.jfrog.io/remine/api/npm/npm/eastasianwidth/-/eastasianwidth-0.2.0.tgz"
  "version" "0.2.0"

"emoji-regex@^8.0.0":
  "integrity" "sha512-MSjYzcWNOA0ewAHpz0MxpYFvwg6yjy1NG3xteoqz644VCo/RPgnr1/GGt+ic3iJTzQ8Eu3TdM14SawnVUmGE6A=="
  "resolved" "https://remine.jfrog.io/remine/api/npm/npm/emoji-regex/-/emoji-regex-8.0.0.tgz"
  "version" "8.0.0"

"emoji-regex@^9.2.2":
  "integrity" "sha512-L18DaJsXSUk2+42pv8mLs5jJT2hqFkFE4j21wOmgbUqsZ2hL72NsUU785g9RXgo3s0ZNgVl42TiHp3ZtOv/Vyg=="
  "resolved" "https://remine.jfrog.io/remine/api/npm/npm/emoji-regex/-/emoji-regex-9.2.2.tgz"
  "version" "9.2.2"

"execa@^5.1.1":
  "integrity" "sha512-8uSpZZocAZRBAPIEINJj3Lo9HyGitllczc27Eh5YYojjMFMn8yHMDMaUHE2Jqfq05D/wucwI4JGURyXt1vchyg=="
  "resolved" "https://remine.jfrog.io/remine/api/npm/npm/execa/-/execa-5.1.1.tgz"
  "version" "5.1.1"
  dependencies:
    "cross-spawn" "^7.0.3"
    "get-stream" "^6.0.0"
    "human-signals" "^2.1.0"
    "is-stream" "^2.0.0"
    "merge-stream" "^2.0.0"
    "npm-run-path" "^4.0.1"
    "onetime" "^5.1.2"
    "signal-exit" "^3.0.3"
    "strip-final-newline" "^2.0.0"

"fill-range@^7.0.1":
  "integrity" "sha512-qOo9F+dMUmC2Lcb4BbVvnKJxTPjCm+RRpe4gDuGrzkL7mEVl/djYSu2OdQ2Pa302N4oqkSg9ir6jaLWJ2USVpQ=="
  "resolved" "https://remine.jfrog.io/remine/api/npm/npm/fill-range/-/fill-range-7.0.1.tgz"
  "version" "7.0.1"
  dependencies:
    "to-regex-range" "^5.0.1"

"get-stream@^6.0.0":
  "integrity" "sha512-ts6Wi+2j3jQjqi70w5AlN8DFnkSwC+MqmxEzdEALB2qXZYV3X/b1CTfgPLGJNMeAWxdPfU8FO1ms3NUfaHCPYg=="
  "resolved" "https://remine.jfrog.io/remine/api/npm/npm/get-stream/-/get-stream-6.0.1.tgz"
  "version" "6.0.1"

"human-signals@^2.1.0":
  "integrity" "sha512-B4FFZ6q/T2jhhksgkbEW3HBvWIfDW85snkQgawt07S7J5QXTk6BkNV+0yAeZrM5QpMAdYlocGoljn0sJ/WQkFw=="
  "resolved" "https://remine.jfrog.io/remine/api/npm/npm/human-signals/-/human-signals-2.1.0.tgz"
  "version" "2.1.0"

"husky@^7.0.4":
  "integrity" "sha512-vbaCKN2QLtP/vD4yvs6iz6hBEo6wkSzs8HpRah1Z6aGmF2KW5PdYuAd7uX5a+OyBZHBhd+TFLqgjUgytQr4RvQ=="
  "resolved" "https://remine.jfrog.io/remine/api/npm/npm/husky/-/husky-7.0.4.tgz"
  "version" "7.0.4"

"indent-string@^4.0.0":
  "integrity" "sha512-EdDDZu4A2OyIK7Lr/2zG+w5jmbuk1DVBnEwREQvBzspBJkCEbRa8GxU1lghYcaGJCnRWibjDXlq779X1/y5xwg=="
  "resolved" "https://remine.jfrog.io/remine/api/npm/npm/indent-string/-/indent-string-4.0.0.tgz"
  "version" "4.0.0"

"is-fullwidth-code-point@^3.0.0":
  "integrity" "sha512-zymm5+u+sCsSWyD9qNaejV3DFvhCKclKdizYaJUuHA83RLjb7nSuGnddCHGv0hk+KY7BMAlsWeK4Ueg6EV6XQg=="
  "resolved" "https://remine.jfrog.io/remine/api/npm/npm/is-fullwidth-code-point/-/is-fullwidth-code-point-3.0.0.tgz"
  "version" "3.0.0"

"is-fullwidth-code-point@^4.0.0":
  "integrity" "sha512-O4L094N2/dZ7xqVdrXhh9r1KODPJpFms8B5sGdJLPy664AgvXsreZUyCQQNItZRDlYug4xStLjNp/sz3HvBowQ=="
  "resolved" "https://remine.jfrog.io/remine/api/npm/npm/is-fullwidth-code-point/-/is-fullwidth-code-point-4.0.0.tgz"
  "version" "4.0.0"

"is-number@^7.0.0":
  "integrity" "sha512-41Cifkg6e8TylSpdtTpeLVMqvSBEVzTttHvERD741+pnZ8ANv0004MRL43QKPDlK9cGvNp6NZWZUBlbGXYxxng=="
  "resolved" "https://remine.jfrog.io/remine/api/npm/npm/is-number/-/is-number-7.0.0.tgz"
  "version" "7.0.0"

"is-stream@^2.0.0":
  "integrity" "sha512-hFoiJiTl63nn+kstHGBtewWSKnQLpyb155KHheA1l39uvtO9nWIop1p3udqPcUd/xbF1VLMO4n7OI6p7RbngDg=="
  "resolved" "https://remine.jfrog.io/remine/api/npm/npm/is-stream/-/is-stream-2.0.1.tgz"
  "version" "2.0.1"

"isexe@^2.0.0":
  "integrity" "sha1-6PvzdNxVb/iUehDcsFctYz8s+hA="
  "resolved" "https://remine.jfrog.io/remine/api/npm/npm/isexe/-/isexe-2.0.0.tgz"
  "version" "2.0.0"

"lilconfig@2.0.4":
  "integrity" "sha512-bfTIN7lEsiooCocSISTWXkiWJkRqtL9wYtYy+8EK3Y41qh3mpwPU0ycTOgjdY9ErwXCc8QyrQp82bdL0Xkm9yA=="
  "resolved" "https://remine.jfrog.io/remine/api/npm/npm/lilconfig/-/lilconfig-2.0.4.tgz"
  "version" "2.0.4"

"lint-staged@^12.4.0":
  "integrity" "sha512-3X7MR0h9b7qf4iXf/1n7RlVAx+EzpAZXoCEMhVSpaBlgKDfH2ewf+QUm7BddFyq29v4dgPP+8+uYpWuSWx035A=="
  "resolved" "https://remine.jfrog.io/remine/api/npm/npm/lint-staged/-/lint-staged-12.4.0.tgz"
  "version" "12.4.0"
  dependencies:
    "cli-truncate" "^3.1.0"
    "colorette" "^2.0.16"
    "commander" "^8.3.0"
    "debug" "^4.3.3"
    "execa" "^5.1.1"
    "lilconfig" "2.0.4"
    "listr2" "^4.0.1"
    "micromatch" "^4.0.4"
    "normalize-path" "^3.0.0"
    "object-inspect" "^1.12.0"
    "pidtree" "^0.5.0"
    "string-argv" "^0.3.1"
    "supports-color" "^9.2.1"
    "yaml" "^1.10.2"

"listr2@^4.0.1":
  "integrity" "sha512-juGHV1doQdpNT3GSTs9IUN43QJb7KHdF9uqg7Vufs/tG9VTzpFphqF4pm/ICdAABGQxsyNn9CiYA3StkI6jpwA=="
  "resolved" "https://remine.jfrog.io/remine/api/npm/npm/listr2/-/listr2-4.0.5.tgz"
  "version" "4.0.5"
  dependencies:
    "cli-truncate" "^2.1.0"
    "colorette" "^2.0.16"
    "log-update" "^4.0.0"
    "p-map" "^4.0.0"
    "rfdc" "^1.3.0"
    "rxjs" "^7.5.5"
    "through" "^2.3.8"
    "wrap-ansi" "^7.0.0"

"log-update@^4.0.0":
  "integrity" "sha512-9fkkDevMefjg0mmzWFBW8YkFP91OrizzkW3diF7CpG+S2EYdy4+TVfGwz1zeF8x7hCx1ovSPTOE9Ngib74qqUg=="
  "resolved" "https://remine.jfrog.io/remine/api/npm/npm/log-update/-/log-update-4.0.0.tgz"
  "version" "4.0.0"
  dependencies:
    "ansi-escapes" "^4.3.0"
    "cli-cursor" "^3.1.0"
    "slice-ansi" "^4.0.0"
    "wrap-ansi" "^6.2.0"

"marked@^4.0.18":
  "integrity" "sha512-wbLDJ7Zh0sqA0Vdg6aqlbT+yPxqLblpAZh1mK2+AO2twQkPywvvqQNfEPVwSSRjZ7dZcdeVBIAgiO7MMp3Dszw=="
  "resolved" "https://remine.jfrog.io/remine/api/npm/npm/marked/-/marked-4.0.18.tgz"
  "version" "4.0.18"

"merge-stream@^2.0.0":
  "integrity" "sha512-abv/qOcuPfk3URPfDzmZU1LKmuw8kT+0nIHvKrKgFrwifol/doWcdA4ZqsWQ8ENrFKkd67Mfpo/LovbIUsbt3w=="
  "resolved" "https://remine.jfrog.io/remine/api/npm/npm/merge-stream/-/merge-stream-2.0.0.tgz"
  "version" "2.0.0"

"micromatch@^4.0.4":
  "integrity" "sha512-DMy+ERcEW2q8Z2Po+WNXuw3c5YaUSFjAO5GsJqfEl7UjvtIuFKO6ZrKvcItdy98dwFI2N1tg3zNIdKaQT+aNdA=="
  "resolved" "https://remine.jfrog.io/remine/api/npm/npm/micromatch/-/micromatch-4.0.5.tgz"
  "version" "4.0.5"
  dependencies:
    "braces" "^3.0.2"
    "picomatch" "^2.3.1"

"mimic-fn@^2.1.0":
  "integrity" "sha512-OqbOk5oEQeAZ8WXWydlu9HJjz9WVdEIvamMCcXmuqUYjTknH/sqsWvhQ3vgwKFRR1HpjvNBKQ37nbJgYzGqGcg=="
  "resolved" "https://remine.jfrog.io/remine/api/npm/npm/mimic-fn/-/mimic-fn-2.1.0.tgz"
  "version" "2.1.0"

"ms@2.1.2":
  "integrity" "sha512-sGkPx+VjMtmA6MX27oA4FBFELFCZZ4S4XqeGOXCv68tT+jb3vk/RyaKWP0PTKyWtmLSM0b+adUTEvbs1PEaH2w=="
  "resolved" "https://remine.jfrog.io/remine/api/npm/npm/ms/-/ms-2.1.2.tgz"
  "version" "2.1.2"

"normalize-path@^3.0.0":
  "integrity" "sha512-6eZs5Ls3WtCisHWp9S2GUy8dqkpGi4BVSz3GaqiE6ezub0512ESztXUwUB6C6IKbQkY2Pnb/mD4WYojCRwcwLA=="
  "resolved" "https://remine.jfrog.io/remine/api/npm/npm/normalize-path/-/normalize-path-3.0.0.tgz"
  "version" "3.0.0"

"npm-run-path@^4.0.1":
  "integrity" "sha512-S48WzZW777zhNIrn7gxOlISNAqi9ZC/uQFnRdbeIHhZhCA6UqpkOT8T1G7BvfdgP4Er8gF4sUbaS0i7QvIfCWw=="
  "resolved" "https://remine.jfrog.io/remine/api/npm/npm/npm-run-path/-/npm-run-path-4.0.1.tgz"
  "version" "4.0.1"
  dependencies:
    "path-key" "^3.0.0"

"object-inspect@^1.12.0":
  "integrity" "sha512-Ho2z80bVIvJloH+YzRmpZVQe87+qASmBUKZDWgx9cu+KDrX2ZDH/3tMy+gXbZETVGs2M8YdxObOh7XAtim9Y0g=="
  "resolved" "https://remine.jfrog.io/remine/api/npm/npm/object-inspect/-/object-inspect-1.12.0.tgz"
  "version" "1.12.0"

"onetime@^5.1.0", "onetime@^5.1.2":
  "integrity" "sha512-kbpaSSGJTWdAY5KPVeMOKXSrPtr8C8C7wodJbcsd51jRnmD+GZu8Y0VoU6Dm5Z4vWr0Ig/1NKuWRKf7j5aaYSg=="
  "resolved" "https://remine.jfrog.io/remine/api/npm/npm/onetime/-/onetime-5.1.2.tgz"
  "version" "5.1.2"
  dependencies:
    "mimic-fn" "^2.1.0"

"p-map@^4.0.0":
  "integrity" "sha512-/bjOqmgETBYB5BoEeGVea8dmvHb2m9GLy1E9W43yeyfP6QQCZGFNa+XRceJEuDB6zqr+gKpIAmlLebMpykw/MQ=="
  "resolved" "https://remine.jfrog.io/remine/api/npm/npm/p-map/-/p-map-4.0.0.tgz"
  "version" "4.0.0"
  dependencies:
    "aggregate-error" "^3.0.0"

"path-key@^3.0.0", "path-key@^3.1.0":
  "integrity" "sha512-ojmeN0qd+y0jszEtoY48r0Peq5dwMEkIlCOu6Q5f41lfkswXuKtYrhgoTpLnyIcHm24Uhqx+5Tqm2InSwLhE6Q=="
  "resolved" "https://remine.jfrog.io/remine/api/npm/npm/path-key/-/path-key-3.1.1.tgz"
  "version" "3.1.1"

"picomatch@^2.3.1":
  "integrity" "sha512-JU3teHTNjmE2VCGFzuY8EXzCDVwEqB2a8fsIvwaStHhAWJEeVd1o1QD80CU6+ZdEXXSLbSsuLwJjkCBWqRQUVA=="
  "resolved" "https://remine.jfrog.io/remine/api/npm/npm/picomatch/-/picomatch-2.3.1.tgz"
  "version" "2.3.1"

"pidtree@^0.5.0":
  "integrity" "sha512-9nxspIM7OpZuhBxPg73Zvyq7j1QMPMPsGKTqRc2XOaFQauDvoNz9fM1Wdkjmeo7l9GXOZiRs97sPkuayl39wjA=="
  "resolved" "https://remine.jfrog.io/remine/api/npm/npm/pidtree/-/pidtree-0.5.0.tgz"
  "version" "0.5.0"

"restore-cursor@^3.1.0":
  "integrity" "sha512-l+sSefzHpj5qimhFSE5a8nufZYAM3sBSVMAPtYkmC+4EH2anSGaEMXSD0izRQbu9nfyQ9y5JrVmp7E8oZrUjvA=="
  "resolved" "https://remine.jfrog.io/remine/api/npm/npm/restore-cursor/-/restore-cursor-3.1.0.tgz"
  "version" "3.1.0"
  dependencies:
    "onetime" "^5.1.0"
    "signal-exit" "^3.0.2"

"rfdc@^1.3.0":
  "integrity" "sha512-V2hovdzFbOi77/WajaSMXk2OLm+xNIeQdMMuB7icj7bk6zi2F8GGAxigcnDFpJHbNyNcgyJDiP+8nOrY5cZGrA=="
  "resolved" "https://remine.jfrog.io/remine/api/npm/npm/rfdc/-/rfdc-1.3.0.tgz"
  "version" "1.3.0"

"rxjs@^7.5.5":
  "integrity" "sha512-sy+H0pQofO95VDmFLzyaw9xNJU4KTRSwQIGM6+iG3SypAtCiLDzpeG8sJrNCWn2Up9km+KhkvTdbkrdy+yzZdw=="
  "resolved" "https://remine.jfrog.io/remine/api/npm/npm/rxjs/-/rxjs-7.5.5.tgz"
  "version" "7.5.5"
  dependencies:
    "tslib" "^2.1.0"

"shebang-command@^2.0.0":
  "integrity" "sha512-kHxr2zZpYtdmrN1qDjrrX/Z1rR1kG8Dx+gkpK1G4eXmvXswmcE1hTWBWYUzlraYw1/yZp6YuDY77YtvbN0dmDA=="
  "resolved" "https://remine.jfrog.io/remine/api/npm/npm/shebang-command/-/shebang-command-2.0.0.tgz"
  "version" "2.0.0"
  dependencies:
    "shebang-regex" "^3.0.0"

"shebang-regex@^3.0.0":
  "integrity" "sha512-7++dFhtcx3353uBaq8DDR4NuxBetBzC7ZQOhmTQInHEd6bSrXdiEyzCvG07Z44UYdLShWUyXt5M/yhz8ekcb1A=="
  "resolved" "https://remine.jfrog.io/remine/api/npm/npm/shebang-regex/-/shebang-regex-3.0.0.tgz"
  "version" "3.0.0"

"signal-exit@^3.0.2", "signal-exit@^3.0.3":
  "integrity" "sha512-wnD2ZE+l+SPC/uoS0vXeE9L1+0wuaMqKlfz9AMUo38JsyLSBWSFcHR1Rri62LZc12vLr1gb3jl7iwQhgwpAbGQ=="
  "resolved" "https://remine.jfrog.io/remine/api/npm/npm/signal-exit/-/signal-exit-3.0.7.tgz"
  "version" "3.0.7"

"slice-ansi@^3.0.0":
  "integrity" "sha512-pSyv7bSTC7ig9Dcgbw9AuRNUb5k5V6oDudjZoMBSr13qpLBG7tB+zgCkARjq7xIUgdz5P1Qe8u+rSGdouOOIyQ=="
  "resolved" "https://remine.jfrog.io/remine/api/npm/npm/slice-ansi/-/slice-ansi-3.0.0.tgz"
  "version" "3.0.0"
  dependencies:
    "ansi-styles" "^4.0.0"
    "astral-regex" "^2.0.0"
    "is-fullwidth-code-point" "^3.0.0"

"slice-ansi@^4.0.0":
  "integrity" "sha512-qMCMfhY040cVHT43K9BFygqYbUPFZKHOg7K73mtTWJRb8pyP3fzf4Ixd5SzdEJQ6MRUg/WBnOLxghZtKKurENQ=="
  "resolved" "https://remine.jfrog.io/remine/api/npm/npm/slice-ansi/-/slice-ansi-4.0.0.tgz"
  "version" "4.0.0"
  dependencies:
    "ansi-styles" "^4.0.0"
    "astral-regex" "^2.0.0"
    "is-fullwidth-code-point" "^3.0.0"

"slice-ansi@^5.0.0":
  "integrity" "sha512-FC+lgizVPfie0kkhqUScwRu1O/lF6NOgJmlCgK+/LYxDCTk8sGelYaHDhFcDN+Sn3Cv+3VSa4Byeo+IMCzpMgQ=="
  "resolved" "https://remine.jfrog.io/remine/api/npm/npm/slice-ansi/-/slice-ansi-5.0.0.tgz"
  "version" "5.0.0"
  dependencies:
    "ansi-styles" "^6.0.0"
    "is-fullwidth-code-point" "^4.0.0"

"string-argv@^0.3.1":
  "integrity" "sha512-a1uQGz7IyVy9YwhqjZIZu1c8JO8dNIe20xBmSS6qu9kv++k3JGzCVmprbNN5Kn+BgzD5E7YYwg1CcjuJMRNsvg=="
  "resolved" "https://remine.jfrog.io/remine/api/npm/npm/string-argv/-/string-argv-0.3.1.tgz"
  "version" "0.3.1"

"string-width@^4.1.0":
  "integrity" "sha512-wKyQRQpjJ0sIp62ErSZdGsjMJWsap5oRNihHhu6G7JVO/9jIB6UyevL+tXuOqrng8j/cxKTWyWUwvSTriiZz/g=="
  "resolved" "https://remine.jfrog.io/remine/api/npm/npm/string-width/-/string-width-4.2.3.tgz"
  "version" "4.2.3"
  dependencies:
    "emoji-regex" "^8.0.0"
    "is-fullwidth-code-point" "^3.0.0"
    "strip-ansi" "^6.0.1"

"string-width@^4.2.0":
  "integrity" "sha512-wKyQRQpjJ0sIp62ErSZdGsjMJWsap5oRNihHhu6G7JVO/9jIB6UyevL+tXuOqrng8j/cxKTWyWUwvSTriiZz/g=="
  "resolved" "https://remine.jfrog.io/remine/api/npm/npm/string-width/-/string-width-4.2.3.tgz"
  "version" "4.2.3"
  dependencies:
    "emoji-regex" "^8.0.0"
    "is-fullwidth-code-point" "^3.0.0"
    "strip-ansi" "^6.0.1"

"string-width@^5.0.0":
  "integrity" "sha512-HnLOCR3vjcY8beoNLtcjZ5/nxn2afmME6lhrDrebokqMap+XbeW8n9TXpPDOqdGK5qcI3oT0GKTW6wC7EMiVqA=="
  "resolved" "https://remine.jfrog.io/remine/api/npm/npm/string-width/-/string-width-5.1.2.tgz"
  "version" "5.1.2"
  dependencies:
    "eastasianwidth" "^0.2.0"
    "emoji-regex" "^9.2.2"
    "strip-ansi" "^7.0.1"

"strip-ansi@^6.0.0", "strip-ansi@^6.0.1":
  "integrity" "sha512-Y38VPSHcqkFrCpFnQ9vuSXmquuv5oXOKpGeT6aGrr3o3Gc9AlVa6JBfUSOCnbxGGZF+/0ooI7KrPuUSztUdU5A=="
  "resolved" "https://remine.jfrog.io/remine/api/npm/npm/strip-ansi/-/strip-ansi-6.0.1.tgz"
  "version" "6.0.1"
  dependencies:
    "ansi-regex" "^5.0.1"

"strip-ansi@^7.0.1":
  "integrity" "sha512-cXNxvT8dFNRVfhVME3JAe98mkXDYN2O1l7jmcwMnOslDeESg1rF/OZMtK0nRAhiari1unG5cD4jG3rapUAkLbw=="
  "resolved" "https://remine.jfrog.io/remine/api/npm/npm/strip-ansi/-/strip-ansi-7.0.1.tgz"
  "version" "7.0.1"
  dependencies:
    "ansi-regex" "^6.0.1"

"strip-final-newline@^2.0.0":
  "integrity" "sha512-BrpvfNAE3dcvq7ll3xVumzjKjZQ5tI1sEUIKr3Uoks0XUl45St3FlatVqef9prk4jRDzhW6WZg+3bk93y6pLjA=="
  "resolved" "https://remine.jfrog.io/remine/api/npm/npm/strip-final-newline/-/strip-final-newline-2.0.0.tgz"
  "version" "2.0.0"

"supports-color@^9.2.1":
  "integrity" "sha512-XC6g/Kgux+rJXmwokjm9ECpD6k/smUoS5LKlUCcsYr4IY3rW0XyAympon2RmxGrlnZURMpg5T18gWDP9CsHXFA=="
  "resolved" "https://remine.jfrog.io/remine/api/npm/npm/supports-color/-/supports-color-9.2.2.tgz"
  "version" "9.2.2"

"through@^2.3.8":
  "integrity" "sha1-DdTJ/6q8NXlgsbckEV1+Doai4fU="
  "resolved" "https://remine.jfrog.io/remine/api/npm/npm/through/-/through-2.3.8.tgz"
  "version" "2.3.8"

"to-regex-range@^5.0.1":
  "integrity" "sha512-65P7iz6X5yEr1cwcgvQxbbIw7Uk3gOy5dIdtZ4rDveLqhrdJP+Li/Hx6tyK0NEb+2GCyneCMJiGqrADCSNk8sQ=="
  "resolved" "https://remine.jfrog.io/remine/api/npm/npm/to-regex-range/-/to-regex-range-5.0.1.tgz"
  "version" "5.0.1"
  dependencies:
    "is-number" "^7.0.0"

"tslib@^2.1.0":
  "integrity" "sha512-d6xOpEDfsi2CZVlPQzGeux8XMwLT9hssAsaPYExaQMuYskwb+x1x7J371tWlbBdWHroy99KnVB6qIkUbs5X3UQ=="
  "resolved" "https://remine.jfrog.io/remine/api/npm/npm/tslib/-/tslib-2.4.0.tgz"
  "version" "2.4.0"

"type-fest@^0.21.3":
  "integrity" "sha512-t0rzBq87m3fVcduHDUFhKmyyX+9eo6WQjZvf51Ea/M0Q7+T374Jp1aUiyUl0GKxp8M/OETVHSDvmkyPgvX+X2w=="
  "resolved" "https://remine.jfrog.io/remine/api/npm/npm/type-fest/-/type-fest-0.21.3.tgz"
  "version" "0.21.3"

"which@^2.0.1":
  "integrity" "sha512-BLI3Tl1TW3Pvl70l3yq3Y64i+awpwXqsGBYWkkqMtnbXgrMD+yj7rhW0kuEDxzJaYXGjEW5ogapKNMEKNMjibA=="
  "resolved" "https://remine.jfrog.io/remine/api/npm/npm/which/-/which-2.0.2.tgz"
  "version" "2.0.2"
  dependencies:
    "isexe" "^2.0.0"

"wrap-ansi@^6.2.0":
  "integrity" "sha512-r6lPcBGxZXlIcymEu7InxDMhdW0KDxpLgoFLcguasxCaJ/SOIZwINatK9KY/tf+ZrlywOKU0UDj3ATXUBfxJXA=="
  "resolved" "https://remine.jfrog.io/remine/api/npm/npm/wrap-ansi/-/wrap-ansi-6.2.0.tgz"
  "version" "6.2.0"
  dependencies:
    "ansi-styles" "^4.0.0"
    "string-width" "^4.1.0"
    "strip-ansi" "^6.0.0"

"wrap-ansi@^7.0.0":
  "integrity" "sha512-YVGIj2kamLSTxw6NsZjoBxfSwsn0ycdesmc4p+Q21c5zPuZ1pl+NfxVdxPtdHvmNVOQ6XSYG4AUtyt/Fi7D16Q=="
  "resolved" "https://remine.jfrog.io/remine/api/npm/npm/wrap-ansi/-/wrap-ansi-7.0.0.tgz"
  "version" "7.0.0"
  dependencies:
    "ansi-styles" "^4.0.0"
    "string-width" "^4.1.0"
    "strip-ansi" "^6.0.0"

"yaml@^1.10.2":
  "integrity" "sha512-r3vXyErRCYJ7wg28yvBY5VSoAF8ZvlcW9/BwUzEtUsjvX/DKs24dIkuwjtuprwJJHsbyUbLApepYTR1BN4uHrg=="
  "resolved" "https://remine.jfrog.io/remine/api/npm/npm/yaml/-/yaml-1.10.2.tgz"
  "version" "1.10.2"
